
Microsoft Visual Studio Solution File, Format Version 12.00
# Visual Studio Version 16
VisualStudioVersion = 16.0.31829.152
MinimumVisualStudioVersion = 10.0.40219.1
Project("{FAE04EC0-301F-11D3-BF4B-00C04F79EFBC}") = "Lab_11(2)", "Lab_11(2)\Lab_11(2).csproj", "{404587FD-A43C-48A2-95BE-0B1FEDF76FCC}"
EndProject
Global
	GlobalSection(SolutionConfigurationPlatforms) = preSolution
		Debug|Any CPU = Debug|Any CPU
		Release|Any CPU = Release|Any CPU
	EndGlobalSection
	GlobalSection(ProjectConfigurationPlatforms) = postSolution
		{404587FD-A43C-48A2-95BE-0B1FEDF76FCC}.Debug|Any CPU.ActiveCfg = Debug|Any CPU
		{404587FD-A43C-48A2-95BE-0B1FEDF76FCC}.Debug|Any CPU.Build.0 = Debug|Any CPU
		{404587FD-A43C-48A2-95BE-0B1FEDF76FCC}.Release|Any CPU.ActiveCfg = Release|Any CPU
		{404587FD-A43C-48A2-95BE-0B1FEDF76FCC}.Release|Any CPU.Build.0 = Release|Any CPU
	EndGlobalSection
	GlobalSection(SolutionProperties) = preSolution
		HideSolutionNode = FALSE
	EndGlobalSection
	GlobalSection(ExtensibilityGlobals) = postSolution
		SolutionGuid = {544905A7-376B-46D9-9B46-502F200F8752}
	EndGlobalSection
EndGlobal
